// !$*UTF8*$!
{
	archiveVersion = 1;
	classes = {
	};
	objectVersion = 56;
	objects = {

/* Begin PBXBuildFile section */
		09017D3B2A6BCA3600A8528A /* SafeAreaBrush in Frameworks */ = {isa = PBXBuildFile; productRef = 09017D3A2A6BCA3600A8528A /* SafeAreaBrush */; };
		09017D3C2A6BCED000A8528A /* Assets.xcassets in Resources */ = {isa = PBXBuildFile; fileRef = 7C6091C12A6588C50062FF01 /* Assets.xcassets */; };
		09017D3E2A6CC3E400A8528A /* IntroViewController.swift in Sources */ = {isa = PBXBuildFile; fileRef = 09017D3D2A6CC3E400A8528A /* IntroViewController.swift */; };
		090E822E2A678B1600944DC2 /* recommendCollectionViewCell.swift in Sources */ = {isa = PBXBuildFile; fileRef = 090E822D2A678B1600944DC2 /* recommendCollectionViewCell.swift */; };
		090E82302A6791E400944DC2 /* PopUpViewController.swift in Sources */ = {isa = PBXBuildFile; fileRef = 090E822F2A6791E400944DC2 /* PopUpViewController.swift */; };
		090E82322A67CB9D00944DC2 /* HomeSupplement.swift in Sources */ = {isa = PBXBuildFile; fileRef = 090E82312A67CB9D00944DC2 /* HomeSupplement.swift */; };
		0977E2842A690FF00007DCFA /* SearchAPI.swift in Sources */ = {isa = PBXBuildFile; fileRef = 0977E2832A690FF00007DCFA /* SearchAPI.swift */; };
		0977E2862A6938900007DCFA /* SearchTableViewCell.swift in Sources */ = {isa = PBXBuildFile; fileRef = 0977E2852A6938900007DCFA /* SearchTableViewCell.swift */; };
		09F8BADE2A682D920087DDA9 /* SearchresultViewController.swift in Sources */ = {isa = PBXBuildFile; fileRef = 09F8BADD2A682D920087DDA9 /* SearchresultViewController.swift */; };
		09FEB4272A66A6F000DD1CC5 /* SnapKit in Frameworks */ = {isa = PBXBuildFile; productRef = 09FEB4262A66A6F000DD1CC5 /* SnapKit */; };
		09FEB42A2A66A6FB00DD1CC5 /* Alamofire in Frameworks */ = {isa = PBXBuildFile; productRef = 09FEB4292A66A6FB00DD1CC5 /* Alamofire */; };
		09FEB4302A66A74500DD1CC5 /* Then in Frameworks */ = {isa = PBXBuildFile; productRef = 09FEB42F2A66A74500DD1CC5 /* Then */; };
		09FEB4332A66ABD400DD1CC5 /* ImageSlideshow in Frameworks */ = {isa = PBXBuildFile; productRef = 09FEB4322A66ABD400DD1CC5 /* ImageSlideshow */; };
		09FEB4352A66ABD400DD1CC5 /* ImageSlideshow/Alamofire in Frameworks */ = {isa = PBXBuildFile; productRef = 09FEB4342A66ABD400DD1CC5 /* ImageSlideshow/Alamofire */; };
		09FEB4372A66ABD400DD1CC5 /* ImageSlideshow/Kingfisher in Frameworks */ = {isa = PBXBuildFile; productRef = 09FEB4362A66ABD400DD1CC5 /* ImageSlideshow/Kingfisher */; };
		09FEB43A2A66AFE300DD1CC5 /* Fonts+.swift in Sources */ = {isa = PBXBuildFile; fileRef = 09FEB4392A66AFE300DD1CC5 /* Fonts+.swift */; };
		09FEB43C2A66AFED00DD1CC5 /* Color+.swift in Sources */ = {isa = PBXBuildFile; fileRef = 09FEB43B2A66AFED00DD1CC5 /* Color+.swift */; };
		7C0601BA2A666753004FB30B /* SupplementResponse.swift in Sources */ = {isa = PBXBuildFile; fileRef = 7C0601B92A666753004FB30B /* SupplementResponse.swift */; };
		7C0601BC2A66676C004FB30B /* API.swift in Sources */ = {isa = PBXBuildFile; fileRef = 7C0601BB2A66676C004FB30B /* API.swift */; };
		7C0B96912A927F340053B5AB /* Endpoint.swift in Sources */ = {isa = PBXBuildFile; fileRef = 7C0B96902A927F340053B5AB /* Endpoint.swift */; };
		7C0B96932A9293A90053B5AB /* SupplementObject.swift in Sources */ = {isa = PBXBuildFile; fileRef = 7C0B96922A9293A90053B5AB /* SupplementObject.swift */; };
		7C0B969B2A932D5E0053B5AB /* SupplementRepository.swift in Sources */ = {isa = PBXBuildFile; fileRef = 7C0B969A2A932D5E0053B5AB /* SupplementRepository.swift */; };
		7C0B969D2A9335570053B5AB /* SupplementUseCase.swift in Sources */ = {isa = PBXBuildFile; fileRef = 7C0B969C2A9335570053B5AB /* SupplementUseCase.swift */; };
		7C14AAC92A72A08100FD74C9 /* GMPView.swift in Sources */ = {isa = PBXBuildFile; fileRef = 7C14AAC82A72A08100FD74C9 /* GMPView.swift */; };
		7C1AF2372A84B3530025FBC3 /* SupplementDetailViewModel.swift in Sources */ = {isa = PBXBuildFile; fileRef = 7C1AF2362A84B3530025FBC3 /* SupplementDetailViewModel.swift */; };
		7C1AF2392A84B9100025FBC3 /* RecommendationCollectionViewCell.swift in Sources */ = {isa = PBXBuildFile; fileRef = 7C1AF2382A84B9100025FBC3 /* RecommendationCollectionViewCell.swift */; };
		7C23FF282A7258FF00F047A6 /* ImageCacheManager.swift in Sources */ = {isa = PBXBuildFile; fileRef = 7C23FF272A7258FF00F047A6 /* ImageCacheManager.swift */; };
		7C23FF2A2A72591100F047A6 /* MyImageCacheManager.swift in Sources */ = {isa = PBXBuildFile; fileRef = 7C23FF292A72591100F047A6 /* MyImageCacheManager.swift */; };
		7C4221C02A6697FA00F5F53F /* SupplementDetailLayout.swift in Sources */ = {isa = PBXBuildFile; fileRef = 7C4221BF2A6697FA00F5F53F /* SupplementDetailLayout.swift */; };
		7C6068362A66F8C9003B414B /* MaterialCollectionViewCell.swift in Sources */ = {isa = PBXBuildFile; fileRef = 7C6068352A66F8C9003B414B /* MaterialCollectionViewCell.swift */; };
		7C6068382A66FABB003B414B /* SupplementDetailView.swift in Sources */ = {isa = PBXBuildFile; fileRef = 7C6068372A66FABB003B414B /* SupplementDetailView.swift */; };
		7C60683A2A66FF0A003B414B /* MaterialSectionHeaderView.swift in Sources */ = {isa = PBXBuildFile; fileRef = 7C6068392A66FF0A003B414B /* MaterialSectionHeaderView.swift */; };
		7C60683C2A670143003B414B /* MaterialView.swift in Sources */ = {isa = PBXBuildFile; fileRef = 7C60683B2A670143003B414B /* MaterialView.swift */; };
		7C60683E2A67CB6C003B414B /* FunctionalityCollectionViewCell.swift in Sources */ = {isa = PBXBuildFile; fileRef = 7C60683D2A67CB6C003B414B /* FunctionalityCollectionViewCell.swift */; };
		7C6068402A67CC06003B414B /* FunctionalityView.swift in Sources */ = {isa = PBXBuildFile; fileRef = 7C60683F2A67CC06003B414B /* FunctionalityView.swift */; };
		7C6068422A67EA8B003B414B /* MaterialCountingView.swift in Sources */ = {isa = PBXBuildFile; fileRef = 7C6068412A67EA8B003B414B /* MaterialCountingView.swift */; };
		7C6091B92A6588C40062FF01 /* AppDelegate.swift in Sources */ = {isa = PBXBuildFile; fileRef = 7C6091B82A6588C40062FF01 /* AppDelegate.swift */; };
		7C6091BB2A6588C40062FF01 /* SceneDelegate.swift in Sources */ = {isa = PBXBuildFile; fileRef = 7C6091BA2A6588C40062FF01 /* SceneDelegate.swift */; };
		7C6091C52A6588C50062FF01 /* LaunchScreen.storyboard in Resources */ = {isa = PBXBuildFile; fileRef = 7C6091C32A6588C50062FF01 /* LaunchScreen.storyboard */; };
		7C6091D02A6588C50062FF01 /* DibivavaTests.swift in Sources */ = {isa = PBXBuildFile; fileRef = 7C6091CF2A6588C50062FF01 /* DibivavaTests.swift */; };
		7C6091DA2A6588C50062FF01 /* DibivavaUITests.swift in Sources */ = {isa = PBXBuildFile; fileRef = 7C6091D92A6588C50062FF01 /* DibivavaUITests.swift */; };
		7C6091DC2A6588C50062FF01 /* DibivavaUITestsLaunchTests.swift in Sources */ = {isa = PBXBuildFile; fileRef = 7C6091DB2A6588C50062FF01 /* DibivavaUITestsLaunchTests.swift */; };
		7C6091EC2A6589DE0062FF01 /* HomeViewController.swift in Sources */ = {isa = PBXBuildFile; fileRef = 7C6091EB2A6589DE0062FF01 /* HomeViewController.swift */; };
		7C6091EE2A658A090062FF01 /* SupplementDetailViewController.swift in Sources */ = {isa = PBXBuildFile; fileRef = 7C6091ED2A658A090062FF01 /* SupplementDetailViewController.swift */; };
		7C6091F22A658B370062FF01 /* HomeViewModel.swift in Sources */ = {isa = PBXBuildFile; fileRef = 7C6091F12A658B370062FF01 /* HomeViewModel.swift */; };
		7C6091F62A658BA90062FF01 /* DefaultSupplementDetailViewModel.swift in Sources */ = {isa = PBXBuildFile; fileRef = 7C6091F52A658BA90062FF01 /* DefaultSupplementDetailViewModel.swift */; };
		7C6300782A6D616B00C31E93 /* MaterialResponse.swift in Sources */ = {isa = PBXBuildFile; fileRef = 7C6300772A6D616B00C31E93 /* MaterialResponse.swift */; };
		7C63007A2A6F684A00C31E93 /* BasePaddingLabel.swift in Sources */ = {isa = PBXBuildFile; fileRef = 7C6300792A6F684A00C31E93 /* BasePaddingLabel.swift */; };
		7C63007E2A71055C00C31E93 /* Term.swift in Sources */ = {isa = PBXBuildFile; fileRef = 7C63007D2A71055C00C31E93 /* Term.swift */; };
		7C6300822A71382500C31E93 /* TermsDescription.json in Resources */ = {isa = PBXBuildFile; fileRef = 7C6300812A71382500C31E93 /* TermsDescription.json */; };
		7C6300842A714F2200C31E93 /* UILabel+.swift in Sources */ = {isa = PBXBuildFile; fileRef = 7C6300832A714F2200C31E93 /* UILabel+.swift */; };
		7C6300862A716C8800C31E93 /* Material.swift in Sources */ = {isa = PBXBuildFile; fileRef = 7C6300852A716C8800C31E93 /* Material.swift */; };
		7C6300882A716D7600C31E93 /* MaterialType.swift in Sources */ = {isa = PBXBuildFile; fileRef = 7C6300872A716D7600C31E93 /* MaterialType.swift */; };
		7C63008A2A718ACE00C31E93 /* String+.swift in Sources */ = {isa = PBXBuildFile; fileRef = 7C6300892A718ACE00C31E93 /* String+.swift */; };
		7C63008C2A718CB900C31E93 /* UIImageView+.swift in Sources */ = {isa = PBXBuildFile; fileRef = 7C63008B2A718CB900C31E93 /* UIImageView+.swift */; };
		7C8217392A69B928001DB57D /* SupplementNetworkService.swift in Sources */ = {isa = PBXBuildFile; fileRef = 7C8217382A69B928001DB57D /* SupplementNetworkService.swift */; };
		7C82EA672A93BB4F001AA3BE /* URL+.swift in Sources */ = {isa = PBXBuildFile; fileRef = 7C82EA662A93BB4F001AA3BE /* URL+.swift */; };
		7CA5856C2A88D35000296314 /* RecommendationView.swift in Sources */ = {isa = PBXBuildFile; fileRef = 7CA5856B2A88D35000296314 /* RecommendationView.swift */; };
		7CA5856E2A88DDE500296314 /* ResourceView.swift in Sources */ = {isa = PBXBuildFile; fileRef = 7CA5856D2A88DDE500296314 /* ResourceView.swift */; };
		7CC9524E2A6A6F3B00E2F739 /* RxSwift in Frameworks */ = {isa = PBXBuildFile; productRef = 7CC9524D2A6A6F3B00E2F739 /* RxSwift */; };
		7CC952502A6A6F4300E2F739 /* RxCocoa in Frameworks */ = {isa = PBXBuildFile; productRef = 7CC9524F2A6A6F4300E2F739 /* RxCocoa */; };
		7CC9525A2A6A6FCE00E2F739 /* SUIT-ExtraBold.ttf in Resources */ = {isa = PBXBuildFile; fileRef = 7CC952512A6A6FCE00E2F739 /* SUIT-ExtraBold.ttf */; };
		7CC9525B2A6A6FCE00E2F739 /* SUIT-Regular.ttf in Resources */ = {isa = PBXBuildFile; fileRef = 7CC952522A6A6FCE00E2F739 /* SUIT-Regular.ttf */; };
		7CC9525C2A6A6FCE00E2F739 /* SUIT-SemiBold.ttf in Resources */ = {isa = PBXBuildFile; fileRef = 7CC952532A6A6FCE00E2F739 /* SUIT-SemiBold.ttf */; };
		7CC9525D2A6A6FCE00E2F739 /* SUIT-ExtraLight.ttf in Resources */ = {isa = PBXBuildFile; fileRef = 7CC952542A6A6FCE00E2F739 /* SUIT-ExtraLight.ttf */; };
		7CC9525E2A6A6FCE00E2F739 /* SUIT-Heavy.ttf in Resources */ = {isa = PBXBuildFile; fileRef = 7CC952552A6A6FCE00E2F739 /* SUIT-Heavy.ttf */; };
		7CC9525F2A6A6FCE00E2F739 /* SUIT-Light.ttf in Resources */ = {isa = PBXBuildFile; fileRef = 7CC952562A6A6FCE00E2F739 /* SUIT-Light.ttf */; };
		7CC952602A6A6FCE00E2F739 /* SUIT-Bold.ttf in Resources */ = {isa = PBXBuildFile; fileRef = 7CC952572A6A6FCE00E2F739 /* SUIT-Bold.ttf */; };
		7CC952612A6A6FCE00E2F739 /* SUIT-Medium.ttf in Resources */ = {isa = PBXBuildFile; fileRef = 7CC952582A6A6FCE00E2F739 /* SUIT-Medium.ttf */; };
		7CC952622A6A6FCE00E2F739 /* SUIT-Thin.ttf in Resources */ = {isa = PBXBuildFile; fileRef = 7CC952592A6A6FCE00E2F739 /* SUIT-Thin.ttf */; };
/* End PBXBuildFile section */

/* Begin PBXContainerItemProxy section */
		7C6091CC2A6588C50062FF01 /* PBXContainerItemProxy */ = {
			isa = PBXContainerItemProxy;
			containerPortal = 7C6091AD2A6588C40062FF01 /* Project object */;
			proxyType = 1;
			remoteGlobalIDString = 7C6091B42A6588C40062FF01;
			remoteInfo = Dibivava;
		};
		7C6091D62A6588C50062FF01 /* PBXContainerItemProxy */ = {
			isa = PBXContainerItemProxy;
			containerPortal = 7C6091AD2A6588C40062FF01 /* Project object */;
			proxyType = 1;
			remoteGlobalIDString = 7C6091B42A6588C40062FF01;
			remoteInfo = Dibivava;
		};
/* End PBXContainerItemProxy section */

/* Begin PBXFileReference section */
		09017D3D2A6CC3E400A8528A /* IntroViewController.swift */ = {isa = PBXFileReference; lastKnownFileType = sourcecode.swift; path = IntroViewController.swift; sourceTree = "<group>"; };
		090E822D2A678B1600944DC2 /* recommendCollectionViewCell.swift */ = {isa = PBXFileReference; lastKnownFileType = sourcecode.swift; path = recommendCollectionViewCell.swift; sourceTree = "<group>"; };
		090E822F2A6791E400944DC2 /* PopUpViewController.swift */ = {isa = PBXFileReference; lastKnownFileType = sourcecode.swift; path = PopUpViewController.swift; sourceTree = "<group>"; };
		090E82312A67CB9D00944DC2 /* HomeSupplement.swift */ = {isa = PBXFileReference; lastKnownFileType = sourcecode.swift; path = HomeSupplement.swift; sourceTree = "<group>"; };
		0977E2832A690FF00007DCFA /* SearchAPI.swift */ = {isa = PBXFileReference; lastKnownFileType = sourcecode.swift; path = SearchAPI.swift; sourceTree = "<group>"; };
		0977E2852A6938900007DCFA /* SearchTableViewCell.swift */ = {isa = PBXFileReference; lastKnownFileType = sourcecode.swift; path = SearchTableViewCell.swift; sourceTree = "<group>"; };
		09F8BADD2A682D920087DDA9 /* SearchresultViewController.swift */ = {isa = PBXFileReference; lastKnownFileType = sourcecode.swift; path = SearchresultViewController.swift; sourceTree = "<group>"; };
		09FEB4392A66AFE300DD1CC5 /* Fonts+.swift */ = {isa = PBXFileReference; lastKnownFileType = sourcecode.swift; path = "Fonts+.swift"; sourceTree = "<group>"; };
		09FEB43B2A66AFED00DD1CC5 /* Color+.swift */ = {isa = PBXFileReference; lastKnownFileType = sourcecode.swift; path = "Color+.swift"; sourceTree = "<group>"; };
		7C0601B92A666753004FB30B /* SupplementResponse.swift */ = {isa = PBXFileReference; lastKnownFileType = sourcecode.swift; path = SupplementResponse.swift; sourceTree = "<group>"; };
		7C0601BB2A66676C004FB30B /* API.swift */ = {isa = PBXFileReference; lastKnownFileType = sourcecode.swift; path = API.swift; sourceTree = "<group>"; };
		7C0B96902A927F340053B5AB /* Endpoint.swift */ = {isa = PBXFileReference; fileEncoding = 4; lastKnownFileType = sourcecode.swift; path = Endpoint.swift; sourceTree = "<group>"; };
		7C0B96922A9293A90053B5AB /* SupplementObject.swift */ = {isa = PBXFileReference; lastKnownFileType = sourcecode.swift; path = SupplementObject.swift; sourceTree = "<group>"; };
		7C0B969A2A932D5E0053B5AB /* SupplementRepository.swift */ = {isa = PBXFileReference; lastKnownFileType = sourcecode.swift; path = SupplementRepository.swift; sourceTree = "<group>"; };
		7C0B969C2A9335570053B5AB /* SupplementUseCase.swift */ = {isa = PBXFileReference; lastKnownFileType = sourcecode.swift; path = SupplementUseCase.swift; sourceTree = "<group>"; };
		7C14AAC82A72A08100FD74C9 /* GMPView.swift */ = {isa = PBXFileReference; lastKnownFileType = sourcecode.swift; path = GMPView.swift; sourceTree = "<group>"; };
		7C1AF2362A84B3530025FBC3 /* SupplementDetailViewModel.swift */ = {isa = PBXFileReference; lastKnownFileType = sourcecode.swift; path = SupplementDetailViewModel.swift; sourceTree = "<group>"; };
		7C1AF2382A84B9100025FBC3 /* RecommendationCollectionViewCell.swift */ = {isa = PBXFileReference; lastKnownFileType = sourcecode.swift; path = RecommendationCollectionViewCell.swift; sourceTree = "<group>"; };
		7C23FF272A7258FF00F047A6 /* ImageCacheManager.swift */ = {isa = PBXFileReference; lastKnownFileType = sourcecode.swift; path = ImageCacheManager.swift; sourceTree = "<group>"; };
		7C23FF292A72591100F047A6 /* MyImageCacheManager.swift */ = {isa = PBXFileReference; lastKnownFileType = sourcecode.swift; path = MyImageCacheManager.swift; sourceTree = "<group>"; };
		7C4221BF2A6697FA00F5F53F /* SupplementDetailLayout.swift */ = {isa = PBXFileReference; lastKnownFileType = sourcecode.swift; path = SupplementDetailLayout.swift; sourceTree = "<group>"; };
		7C6068352A66F8C9003B414B /* MaterialCollectionViewCell.swift */ = {isa = PBXFileReference; lastKnownFileType = sourcecode.swift; path = MaterialCollectionViewCell.swift; sourceTree = "<group>"; };
		7C6068372A66FABB003B414B /* SupplementDetailView.swift */ = {isa = PBXFileReference; lastKnownFileType = sourcecode.swift; path = SupplementDetailView.swift; sourceTree = "<group>"; };
		7C6068392A66FF0A003B414B /* MaterialSectionHeaderView.swift */ = {isa = PBXFileReference; lastKnownFileType = sourcecode.swift; path = MaterialSectionHeaderView.swift; sourceTree = "<group>"; };
		7C60683B2A670143003B414B /* MaterialView.swift */ = {isa = PBXFileReference; lastKnownFileType = sourcecode.swift; path = MaterialView.swift; sourceTree = "<group>"; };
		7C60683D2A67CB6C003B414B /* FunctionalityCollectionViewCell.swift */ = {isa = PBXFileReference; lastKnownFileType = sourcecode.swift; path = FunctionalityCollectionViewCell.swift; sourceTree = "<group>"; };
		7C60683F2A67CC06003B414B /* FunctionalityView.swift */ = {isa = PBXFileReference; lastKnownFileType = sourcecode.swift; path = FunctionalityView.swift; sourceTree = "<group>"; };
		7C6068412A67EA8B003B414B /* MaterialCountingView.swift */ = {isa = PBXFileReference; lastKnownFileType = sourcecode.swift; path = MaterialCountingView.swift; sourceTree = "<group>"; };
		7C6091B52A6588C40062FF01 /* Dibivava.app */ = {isa = PBXFileReference; explicitFileType = wrapper.application; includeInIndex = 0; path = Dibivava.app; sourceTree = BUILT_PRODUCTS_DIR; };
		7C6091B82A6588C40062FF01 /* AppDelegate.swift */ = {isa = PBXFileReference; lastKnownFileType = sourcecode.swift; path = AppDelegate.swift; sourceTree = "<group>"; };
		7C6091BA2A6588C40062FF01 /* SceneDelegate.swift */ = {isa = PBXFileReference; lastKnownFileType = sourcecode.swift; path = SceneDelegate.swift; sourceTree = "<group>"; };
		7C6091C12A6588C50062FF01 /* Assets.xcassets */ = {isa = PBXFileReference; lastKnownFileType = folder.assetcatalog; path = Assets.xcassets; sourceTree = "<group>"; };
		7C6091C42A6588C50062FF01 /* Base */ = {isa = PBXFileReference; lastKnownFileType = file.storyboard; name = Base; path = Base.lproj/LaunchScreen.storyboard; sourceTree = "<group>"; };
		7C6091C62A6588C50062FF01 /* Info.plist */ = {isa = PBXFileReference; lastKnownFileType = text.plist.xml; path = Info.plist; sourceTree = "<group>"; };
		7C6091CB2A6588C50062FF01 /* DibivavaTests.xctest */ = {isa = PBXFileReference; explicitFileType = wrapper.cfbundle; includeInIndex = 0; path = DibivavaTests.xctest; sourceTree = BUILT_PRODUCTS_DIR; };
		7C6091CF2A6588C50062FF01 /* DibivavaTests.swift */ = {isa = PBXFileReference; lastKnownFileType = sourcecode.swift; path = DibivavaTests.swift; sourceTree = "<group>"; };
		7C6091D52A6588C50062FF01 /* DibivavaUITests.xctest */ = {isa = PBXFileReference; explicitFileType = wrapper.cfbundle; includeInIndex = 0; path = DibivavaUITests.xctest; sourceTree = BUILT_PRODUCTS_DIR; };
		7C6091D92A6588C50062FF01 /* DibivavaUITests.swift */ = {isa = PBXFileReference; lastKnownFileType = sourcecode.swift; path = DibivavaUITests.swift; sourceTree = "<group>"; };
		7C6091DB2A6588C50062FF01 /* DibivavaUITestsLaunchTests.swift */ = {isa = PBXFileReference; lastKnownFileType = sourcecode.swift; path = DibivavaUITestsLaunchTests.swift; sourceTree = "<group>"; };
		7C6091EB2A6589DE0062FF01 /* HomeViewController.swift */ = {isa = PBXFileReference; lastKnownFileType = sourcecode.swift; path = HomeViewController.swift; sourceTree = "<group>"; };
		7C6091ED2A658A090062FF01 /* SupplementDetailViewController.swift */ = {isa = PBXFileReference; lastKnownFileType = sourcecode.swift; path = SupplementDetailViewController.swift; sourceTree = "<group>"; };
		7C6091F12A658B370062FF01 /* HomeViewModel.swift */ = {isa = PBXFileReference; lastKnownFileType = sourcecode.swift; path = HomeViewModel.swift; sourceTree = "<group>"; };
		7C6091F52A658BA90062FF01 /* DefaultSupplementDetailViewModel.swift */ = {isa = PBXFileReference; lastKnownFileType = sourcecode.swift; path = DefaultSupplementDetailViewModel.swift; sourceTree = "<group>"; };
		7C6300772A6D616B00C31E93 /* MaterialResponse.swift */ = {isa = PBXFileReference; lastKnownFileType = sourcecode.swift; path = MaterialResponse.swift; sourceTree = "<group>"; };
		7C6300792A6F684A00C31E93 /* BasePaddingLabel.swift */ = {isa = PBXFileReference; lastKnownFileType = sourcecode.swift; path = BasePaddingLabel.swift; sourceTree = "<group>"; };
		7C63007D2A71055C00C31E93 /* Term.swift */ = {isa = PBXFileReference; lastKnownFileType = sourcecode.swift; path = Term.swift; sourceTree = "<group>"; };
		7C6300812A71382500C31E93 /* TermsDescription.json */ = {isa = PBXFileReference; fileEncoding = 4; lastKnownFileType = text.json; path = TermsDescription.json; sourceTree = "<group>"; };
		7C6300832A714F2200C31E93 /* UILabel+.swift */ = {isa = PBXFileReference; lastKnownFileType = sourcecode.swift; path = "UILabel+.swift"; sourceTree = "<group>"; };
		7C6300852A716C8800C31E93 /* Material.swift */ = {isa = PBXFileReference; lastKnownFileType = sourcecode.swift; path = Material.swift; sourceTree = "<group>"; };
		7C6300872A716D7600C31E93 /* MaterialType.swift */ = {isa = PBXFileReference; lastKnownFileType = sourcecode.swift; path = MaterialType.swift; sourceTree = "<group>"; };
		7C6300892A718ACE00C31E93 /* String+.swift */ = {isa = PBXFileReference; lastKnownFileType = sourcecode.swift; path = "String+.swift"; sourceTree = "<group>"; };
		7C63008B2A718CB900C31E93 /* UIImageView+.swift */ = {isa = PBXFileReference; lastKnownFileType = sourcecode.swift; path = "UIImageView+.swift"; sourceTree = "<group>"; };
		7C8217382A69B928001DB57D /* SupplementNetworkService.swift */ = {isa = PBXFileReference; lastKnownFileType = sourcecode.swift; path = SupplementNetworkService.swift; sourceTree = "<group>"; };
		7C82EA662A93BB4F001AA3BE /* URL+.swift */ = {isa = PBXFileReference; lastKnownFileType = sourcecode.swift; path = "URL+.swift"; sourceTree = "<group>"; };
		7CA5856B2A88D35000296314 /* RecommendationView.swift */ = {isa = PBXFileReference; lastKnownFileType = sourcecode.swift; path = RecommendationView.swift; sourceTree = "<group>"; };
		7CA5856D2A88DDE500296314 /* ResourceView.swift */ = {isa = PBXFileReference; lastKnownFileType = sourcecode.swift; path = ResourceView.swift; sourceTree = "<group>"; };
		7CC952512A6A6FCE00E2F739 /* SUIT-ExtraBold.ttf */ = {isa = PBXFileReference; lastKnownFileType = file; path = "SUIT-ExtraBold.ttf"; sourceTree = "<group>"; };
		7CC952522A6A6FCE00E2F739 /* SUIT-Regular.ttf */ = {isa = PBXFileReference; lastKnownFileType = file; path = "SUIT-Regular.ttf"; sourceTree = "<group>"; };
		7CC952532A6A6FCE00E2F739 /* SUIT-SemiBold.ttf */ = {isa = PBXFileReference; lastKnownFileType = file; path = "SUIT-SemiBold.ttf"; sourceTree = "<group>"; };
		7CC952542A6A6FCE00E2F739 /* SUIT-ExtraLight.ttf */ = {isa = PBXFileReference; lastKnownFileType = file; path = "SUIT-ExtraLight.ttf"; sourceTree = "<group>"; };
		7CC952552A6A6FCE00E2F739 /* SUIT-Heavy.ttf */ = {isa = PBXFileReference; lastKnownFileType = file; path = "SUIT-Heavy.ttf"; sourceTree = "<group>"; };
		7CC952562A6A6FCE00E2F739 /* SUIT-Light.ttf */ = {isa = PBXFileReference; lastKnownFileType = file; path = "SUIT-Light.ttf"; sourceTree = "<group>"; };
		7CC952572A6A6FCE00E2F739 /* SUIT-Bold.ttf */ = {isa = PBXFileReference; lastKnownFileType = file; path = "SUIT-Bold.ttf"; sourceTree = "<group>"; };
		7CC952582A6A6FCE00E2F739 /* SUIT-Medium.ttf */ = {isa = PBXFileReference; lastKnownFileType = file; path = "SUIT-Medium.ttf"; sourceTree = "<group>"; };
		7CC952592A6A6FCE00E2F739 /* SUIT-Thin.ttf */ = {isa = PBXFileReference; lastKnownFileType = file; path = "SUIT-Thin.ttf"; sourceTree = "<group>"; };
/* End PBXFileReference section */

/* Begin PBXFrameworksBuildPhase section */
		7C6091B22A6588C40062FF01 /* Frameworks */ = {
			isa = PBXFrameworksBuildPhase;
			buildActionMask = 2147483647;
			files = (
				09017D3B2A6BCA3600A8528A /* SafeAreaBrush in Frameworks */,
				09FEB4372A66ABD400DD1CC5 /* ImageSlideshow/Kingfisher in Frameworks */,
				09FEB4332A66ABD400DD1CC5 /* ImageSlideshow in Frameworks */,
				09FEB4272A66A6F000DD1CC5 /* SnapKit in Frameworks */,
				09FEB42A2A66A6FB00DD1CC5 /* Alamofire in Frameworks */,
				09FEB4352A66ABD400DD1CC5 /* ImageSlideshow/Alamofire in Frameworks */,
				09FEB4302A66A74500DD1CC5 /* Then in Frameworks */,
				7CC952502A6A6F4300E2F739 /* RxCocoa in Frameworks */,
				7CC9524E2A6A6F3B00E2F739 /* RxSwift in Frameworks */,
			);
			runOnlyForDeploymentPostprocessing = 0;
		};
		7C6091C82A6588C50062FF01 /* Frameworks */ = {
			isa = PBXFrameworksBuildPhase;
			buildActionMask = 2147483647;
			files = (
			);
			runOnlyForDeploymentPostprocessing = 0;
		};
		7C6091D22A6588C50062FF01 /* Frameworks */ = {
			isa = PBXFrameworksBuildPhase;
			buildActionMask = 2147483647;
			files = (
			);
			runOnlyForDeploymentPostprocessing = 0;
		};
/* End PBXFrameworksBuildPhase section */

/* Begin PBXGroup section */
		09F8BADC2A682D780087DDA9 /* SearchScene */ = {
			isa = PBXGroup;
			children = (
				09F8BADD2A682D920087DDA9 /* SearchresultViewController.swift */,
			);
			path = SearchScene;
			sourceTree = "<group>";
		};
		09FEB4382A66AFD200DD1CC5 /* Util */ = {
			isa = PBXGroup;
			children = (
				09FEB4392A66AFE300DD1CC5 /* Fonts+.swift */,
				09FEB43B2A66AFED00DD1CC5 /* Color+.swift */,
				7C6300832A714F2200C31E93 /* UILabel+.swift */,
				7C6300892A718ACE00C31E93 /* String+.swift */,
				7C63008B2A718CB900C31E93 /* UIImageView+.swift */,
				7C82EA662A93BB4F001AA3BE /* URL+.swift */,
			);
			path = Util;
			sourceTree = "<group>";
		};
		7C0601B72A666705004FB30B /* Network */ = {
			isa = PBXGroup;
			children = (
				7C0B96902A927F340053B5AB /* Endpoint.swift */,
				7C8217382A69B928001DB57D /* SupplementNetworkService.swift */,
				7C0601BB2A66676C004FB30B /* API.swift */,
				0977E2832A690FF00007DCFA /* SearchAPI.swift */,
			);
			path = Network;
			sourceTree = "<group>";
		};
		7C0601B82A666729004FB30B /* Entites */ = {
			isa = PBXGroup;
			children = (
				7C6300852A716C8800C31E93 /* Material.swift */,
				090E82312A67CB9D00944DC2 /* HomeSupplement.swift */,
				7C0B96922A9293A90053B5AB /* SupplementObject.swift */,
			);
			path = Entites;
			sourceTree = "<group>";
		};
		7C0B96942A92A2F20053B5AB /* Domain */ = {
			isa = PBXGroup;
			children = (
				7C0601B82A666729004FB30B /* Entites */,
				7C0B969E2A93355B0053B5AB /* UseCase */,
			);
			name = Domain;
			sourceTree = "<group>";
		};
		7C0B96952A92A3010053B5AB /* Data */ = {
			isa = PBXGroup;
			children = (
				7C0B96972A932D170053B5AB /* Repository */,
				7C0B96962A92A3330053B5AB /* DTO */,
				7C0601B72A666705004FB30B /* Network */,
			);
			path = Data;
			sourceTree = "<group>";
		};
		7C0B96962A92A3330053B5AB /* DTO */ = {
			isa = PBXGroup;
			children = (
				7C6300772A6D616B00C31E93 /* MaterialResponse.swift */,
				7C0601B92A666753004FB30B /* SupplementResponse.swift */,
				7C63007D2A71055C00C31E93 /* Term.swift */,
			);
			path = DTO;
			sourceTree = "<group>";
		};
		7C0B96972A932D170053B5AB /* Repository */ = {
			isa = PBXGroup;
			children = (
				7C0B969A2A932D5E0053B5AB /* SupplementRepository.swift */,
			);
			path = Repository;
			sourceTree = "<group>";
		};
		7C0B969E2A93355B0053B5AB /* UseCase */ = {
			isa = PBXGroup;
			children = (
				7C0B969C2A9335570053B5AB /* SupplementUseCase.swift */,
			);
			path = UseCase;
			sourceTree = "<group>";
		};
		7C1AF2352A84B3460025FBC3 /* Protocol */ = {
			isa = PBXGroup;
			children = (
				7C1AF2362A84B3530025FBC3 /* SupplementDetailViewModel.swift */,
			);
			path = Protocol;
			sourceTree = "<group>";
		};
		7C1AF23A2A84C1750025FBC3 /* Custom */ = {
			isa = PBXGroup;
			children = (
				7C6300792A6F684A00C31E93 /* BasePaddingLabel.swift */,
				7C6068392A66FF0A003B414B /* MaterialSectionHeaderView.swift */,
				7C6068372A66FABB003B414B /* SupplementDetailView.swift */,
				7C60683B2A670143003B414B /* MaterialView.swift */,
				7C60683F2A67CC06003B414B /* FunctionalityView.swift */,
				7C6068412A67EA8B003B414B /* MaterialCountingView.swift */,
				7C14AAC82A72A08100FD74C9 /* GMPView.swift */,
				7CA5856B2A88D35000296314 /* RecommendationView.swift */,
				7CA5856D2A88DDE500296314 /* ResourceView.swift */,
			);
			path = Custom;
			sourceTree = "<group>";
		};
		7C23FF262A7258E700F047A6 /* ImageCache */ = {
			isa = PBXGroup;
			children = (
				7C23FF272A7258FF00F047A6 /* ImageCacheManager.swift */,
				7C23FF292A72591100F047A6 /* MyImageCacheManager.swift */,
			);
			path = ImageCache;
			sourceTree = "<group>";
		};
		7C6091AC2A6588C40062FF01 = {
			isa = PBXGroup;
			children = (
				7C6091B72A6588C40062FF01 /* Dibivava */,
				7C6091CE2A6588C50062FF01 /* DibivavaTests */,
				7C6091D82A6588C50062FF01 /* DibivavaUITests */,
				7C6091B62A6588C40062FF01 /* Products */,
				7CC9524C2A6A6F3B00E2F739 /* Frameworks */,
			);
			sourceTree = "<group>";
		};
		7C6091B62A6588C40062FF01 /* Products */ = {
			isa = PBXGroup;
			children = (
				7C6091B52A6588C40062FF01 /* Dibivava.app */,
				7C6091CB2A6588C50062FF01 /* DibivavaTests.xctest */,
				7C6091D52A6588C50062FF01 /* DibivavaUITests.xctest */,
			);
			name = Products;
			sourceTree = "<group>";
		};
		7C6091B72A6588C40062FF01 /* Dibivava */ = {
			isa = PBXGroup;
			children = (
				7C6091C32A6588C50062FF01 /* LaunchScreen.storyboard */,
				7C23FF262A7258E700F047A6 /* ImageCache */,
				7C6091F72A658CC80062FF01 /* Application */,
				7C0B96952A92A3010053B5AB /* Data */,
				7C0B96942A92A2F20053B5AB /* Domain */,
				7C6091E82A6588E30062FF01 /* Presentation */,
				7C6091F82A6591010062FF01 /* Resource */,
			);
			path = Dibivava;
			sourceTree = "<group>";
		};
		7C6091CE2A6588C50062FF01 /* DibivavaTests */ = {
			isa = PBXGroup;
			children = (
				7C6091CF2A6588C50062FF01 /* DibivavaTests.swift */,
			);
			path = DibivavaTests;
			sourceTree = "<group>";
		};
		7C6091D82A6588C50062FF01 /* DibivavaUITests */ = {
			isa = PBXGroup;
			children = (
				7C6091D92A6588C50062FF01 /* DibivavaUITests.swift */,
				7C6091DB2A6588C50062FF01 /* DibivavaUITestsLaunchTests.swift */,
			);
			path = DibivavaUITests;
			sourceTree = "<group>";
		};
		7C6091E82A6588E30062FF01 /* Presentation */ = {
			isa = PBXGroup;
			children = (
				09F8BADC2A682D780087DDA9 /* SearchScene */,
				7C6091E92A6588EA0062FF01 /* HomeScene */,
				7C6091EA2A6589AE0062FF01 /* SupplementDetailScene */,
			);
			path = Presentation;
			sourceTree = "<group>";
		};
		7C6091E92A6588EA0062FF01 /* HomeScene */ = {
			isa = PBXGroup;
			children = (
				7C6091F02A658B170062FF01 /* ViewModel */,
				7C6091EF2A658B0D0062FF01 /* View */,
			);
			path = HomeScene;
			sourceTree = "<group>";
		};
		7C6091EA2A6589AE0062FF01 /* SupplementDetailScene */ = {
			isa = PBXGroup;
			children = (
				7C6091F32A658B400062FF01 /* ViewModel */,
				7C6091F42A658B480062FF01 /* View */,
			);
			path = SupplementDetailScene;
			sourceTree = "<group>";
		};
		7C6091EF2A658B0D0062FF01 /* View */ = {
			isa = PBXGroup;
			children = (
				7C6091EB2A6589DE0062FF01 /* HomeViewController.swift */,
				090E822D2A678B1600944DC2 /* recommendCollectionViewCell.swift */,
				0977E2852A6938900007DCFA /* SearchTableViewCell.swift */,
				090E822F2A6791E400944DC2 /* PopUpViewController.swift */,
				09017D3D2A6CC3E400A8528A /* IntroViewController.swift */,
			);
			path = View;
			sourceTree = "<group>";
		};
		7C6091F02A658B170062FF01 /* ViewModel */ = {
			isa = PBXGroup;
			children = (
				7C6091F12A658B370062FF01 /* HomeViewModel.swift */,
			);
			path = ViewModel;
			sourceTree = "<group>";
		};
		7C6091F32A658B400062FF01 /* ViewModel */ = {
			isa = PBXGroup;
			children = (
				7C1AF2352A84B3460025FBC3 /* Protocol */,
				7C6091F52A658BA90062FF01 /* DefaultSupplementDetailViewModel.swift */,
			);
			path = ViewModel;
			sourceTree = "<group>";
		};
		7C6091F42A658B480062FF01 /* View */ = {
			isa = PBXGroup;
			children = (
				7C1AF23A2A84C1750025FBC3 /* Custom */,
				7C6091ED2A658A090062FF01 /* SupplementDetailViewController.swift */,
				7C4221BF2A6697FA00F5F53F /* SupplementDetailLayout.swift */,
				7C6068352A66F8C9003B414B /* MaterialCollectionViewCell.swift */,
				7C60683D2A67CB6C003B414B /* FunctionalityCollectionViewCell.swift */,
				7C6300872A716D7600C31E93 /* MaterialType.swift */,
				7C1AF2382A84B9100025FBC3 /* RecommendationCollectionViewCell.swift */,
			);
			path = View;
			sourceTree = "<group>";
		};
		7C6091F72A658CC80062FF01 /* Application */ = {
			isa = PBXGroup;
			children = (
				7C6091B82A6588C40062FF01 /* AppDelegate.swift */,
				7C6091BA2A6588C40062FF01 /* SceneDelegate.swift */,
			);
			path = Application;
			sourceTree = "<group>";
		};
		7C6091F82A6591010062FF01 /* Resource */ = {
			isa = PBXGroup;
			children = (
				7C6300812A71382500C31E93 /* TermsDescription.json */,
				7CC952572A6A6FCE00E2F739 /* SUIT-Bold.ttf */,
				7CC952512A6A6FCE00E2F739 /* SUIT-ExtraBold.ttf */,
				7CC952542A6A6FCE00E2F739 /* SUIT-ExtraLight.ttf */,
				7CC952552A6A6FCE00E2F739 /* SUIT-Heavy.ttf */,
				7CC952562A6A6FCE00E2F739 /* SUIT-Light.ttf */,
				7CC952582A6A6FCE00E2F739 /* SUIT-Medium.ttf */,
				7CC952522A6A6FCE00E2F739 /* SUIT-Regular.ttf */,
				7CC952532A6A6FCE00E2F739 /* SUIT-SemiBold.ttf */,
				7CC952592A6A6FCE00E2F739 /* SUIT-Thin.ttf */,
				09FEB4382A66AFD200DD1CC5 /* Util */,
				7C6091C12A6588C50062FF01 /* Assets.xcassets */,
				7C6091C62A6588C50062FF01 /* Info.plist */,
			);
			path = Resource;
			sourceTree = "<group>";
		};
		7CC9524C2A6A6F3B00E2F739 /* Frameworks */ = {
			isa = PBXGroup;
			children = (
			);
			name = Frameworks;
			sourceTree = "<group>";
		};
/* End PBXGroup section */

/* Begin PBXNativeTarget section */
		7C6091B42A6588C40062FF01 /* Dibivava */ = {
			isa = PBXNativeTarget;
			buildConfigurationList = 7C6091DF2A6588C50062FF01 /* Build configuration list for PBXNativeTarget "Dibivava" */;
			buildPhases = (
				7C6091B12A6588C40062FF01 /* Sources */,
				7C6091B22A6588C40062FF01 /* Frameworks */,
				7C6091B32A6588C40062FF01 /* Resources */,
			);
			buildRules = (
			);
			dependencies = (
			);
			name = Dibivava;
			packageProductDependencies = (
				09FEB4262A66A6F000DD1CC5 /* SnapKit */,
				09FEB4292A66A6FB00DD1CC5 /* Alamofire */,
				09FEB42F2A66A74500DD1CC5 /* Then */,
				09FEB4322A66ABD400DD1CC5 /* ImageSlideshow */,
				09FEB4342A66ABD400DD1CC5 /* ImageSlideshow/Alamofire */,
				09FEB4362A66ABD400DD1CC5 /* ImageSlideshow/Kingfisher */,
				7CC9524D2A6A6F3B00E2F739 /* RxSwift */,
				7CC9524F2A6A6F4300E2F739 /* RxCocoa */,
				09017D3A2A6BCA3600A8528A /* SafeAreaBrush */,
			);
			productName = Dibivava;
			productReference = 7C6091B52A6588C40062FF01 /* Dibivava.app */;
			productType = "com.apple.product-type.application";
		};
		7C6091CA2A6588C50062FF01 /* DibivavaTests */ = {
			isa = PBXNativeTarget;
			buildConfigurationList = 7C6091E22A6588C50062FF01 /* Build configuration list for PBXNativeTarget "DibivavaTests" */;
			buildPhases = (
				7C6091C72A6588C50062FF01 /* Sources */,
				7C6091C82A6588C50062FF01 /* Frameworks */,
				7C6091C92A6588C50062FF01 /* Resources */,
			);
			buildRules = (
			);
			dependencies = (
				7C6091CD2A6588C50062FF01 /* PBXTargetDependency */,
			);
			name = DibivavaTests;
			productName = DibivavaTests;
			productReference = 7C6091CB2A6588C50062FF01 /* DibivavaTests.xctest */;
			productType = "com.apple.product-type.bundle.unit-test";
		};
		7C6091D42A6588C50062FF01 /* DibivavaUITests */ = {
			isa = PBXNativeTarget;
			buildConfigurationList = 7C6091E52A6588C50062FF01 /* Build configuration list for PBXNativeTarget "DibivavaUITests" */;
			buildPhases = (
				7C6091D12A6588C50062FF01 /* Sources */,
				7C6091D22A6588C50062FF01 /* Frameworks */,
				7C6091D32A6588C50062FF01 /* Resources */,
			);
			buildRules = (
			);
			dependencies = (
				7C6091D72A6588C50062FF01 /* PBXTargetDependency */,
			);
			name = DibivavaUITests;
			productName = DibivavaUITests;
			productReference = 7C6091D52A6588C50062FF01 /* DibivavaUITests.xctest */;
			productType = "com.apple.product-type.bundle.ui-testing";
		};
/* End PBXNativeTarget section */

/* Begin PBXProject section */
		7C6091AD2A6588C40062FF01 /* Project object */ = {
			isa = PBXProject;
			attributes = {
				BuildIndependentTargetsInParallel = 1;
				LastSwiftUpdateCheck = 1420;
				LastUpgradeCheck = 1420;
				TargetAttributes = {
					7C6091B42A6588C40062FF01 = {
						CreatedOnToolsVersion = 14.2;
					};
					7C6091CA2A6588C50062FF01 = {
						CreatedOnToolsVersion = 14.2;
						TestTargetID = 7C6091B42A6588C40062FF01;
					};
					7C6091D42A6588C50062FF01 = {
						CreatedOnToolsVersion = 14.2;
						TestTargetID = 7C6091B42A6588C40062FF01;
					};
				};
			};
			buildConfigurationList = 7C6091B02A6588C40062FF01 /* Build configuration list for PBXProject "Dibivava" */;
			compatibilityVersion = "Xcode 14.0";
			developmentRegion = en;
			hasScannedForEncodings = 0;
			knownRegions = (
				en,
				Base,
			);
			mainGroup = 7C6091AC2A6588C40062FF01;
			packageReferences = (
				09FEB4252A66A6F000DD1CC5 /* XCRemoteSwiftPackageReference "SnapKit" */,
				09FEB4282A66A6FB00DD1CC5 /* XCRemoteSwiftPackageReference "Alamofire" */,
				09FEB42B2A66A73500DD1CC5 /* XCRemoteSwiftPackageReference "RxSwift" */,
				09FEB42E2A66A74500DD1CC5 /* XCRemoteSwiftPackageReference "Then" */,
				09FEB4312A66ABD400DD1CC5 /* XCRemoteSwiftPackageReference "ImageSlideshow" */,
				09017D392A6BCA3600A8528A /* XCRemoteSwiftPackageReference "SafeAreaBrush" */,
			);
			productRefGroup = 7C6091B62A6588C40062FF01 /* Products */;
			projectDirPath = "";
			projectRoot = "";
			targets = (
				7C6091B42A6588C40062FF01 /* Dibivava */,
				7C6091CA2A6588C50062FF01 /* DibivavaTests */,
				7C6091D42A6588C50062FF01 /* DibivavaUITests */,
			);
		};
/* End PBXProject section */

/* Begin PBXResourcesBuildPhase section */
		7C6091B32A6588C40062FF01 /* Resources */ = {
			isa = PBXResourcesBuildPhase;
			buildActionMask = 2147483647;
			files = (
				7CC952602A6A6FCE00E2F739 /* SUIT-Bold.ttf in Resources */,
				7CC9525B2A6A6FCE00E2F739 /* SUIT-Regular.ttf in Resources */,
				09017D3C2A6BCED000A8528A /* Assets.xcassets in Resources */,
				7CC952612A6A6FCE00E2F739 /* SUIT-Medium.ttf in Resources */,
				7CC9525D2A6A6FCE00E2F739 /* SUIT-ExtraLight.ttf in Resources */,
				7CC9525E2A6A6FCE00E2F739 /* SUIT-Heavy.ttf in Resources */,
				7C6091C52A6588C50062FF01 /* LaunchScreen.storyboard in Resources */,
				7CC9525F2A6A6FCE00E2F739 /* SUIT-Light.ttf in Resources */,
				7C6300822A71382500C31E93 /* TermsDescription.json in Resources */,
				7CC9525C2A6A6FCE00E2F739 /* SUIT-SemiBold.ttf in Resources */,
				7CC9525A2A6A6FCE00E2F739 /* SUIT-ExtraBold.ttf in Resources */,
				7CC952622A6A6FCE00E2F739 /* SUIT-Thin.ttf in Resources */,
			);
			runOnlyForDeploymentPostprocessing = 0;
		};
		7C6091C92A6588C50062FF01 /* Resources */ = {
			isa = PBXResourcesBuildPhase;
			buildActionMask = 2147483647;
			files = (
			);
			runOnlyForDeploymentPostprocessing = 0;
		};
		7C6091D32A6588C50062FF01 /* Resources */ = {
			isa = PBXResourcesBuildPhase;
			buildActionMask = 2147483647;
			files = (
			);
			runOnlyForDeploymentPostprocessing = 0;
		};
/* End PBXResourcesBuildPhase section */

/* Begin PBXSourcesBuildPhase section */
		7C6091B12A6588C40062FF01 /* Sources */ = {
			isa = PBXSourcesBuildPhase;
			buildActionMask = 2147483647;
			files = (
				7C0B969B2A932D5E0053B5AB /* SupplementRepository.swift in Sources */,
				7C6091F22A658B370062FF01 /* HomeViewModel.swift in Sources */,
				7C6068402A67CC06003B414B /* FunctionalityView.swift in Sources */,
				7C4221C02A6697FA00F5F53F /* SupplementDetailLayout.swift in Sources */,
				7C6068382A66FABB003B414B /* SupplementDetailView.swift in Sources */,
				09FEB43C2A66AFED00DD1CC5 /* Color+.swift in Sources */,
				7C6091B92A6588C40062FF01 /* AppDelegate.swift in Sources */,
				7C63007A2A6F684A00C31E93 /* BasePaddingLabel.swift in Sources */,
				7C63008A2A718ACE00C31E93 /* String+.swift in Sources */,
				7C6300842A714F2200C31E93 /* UILabel+.swift in Sources */,
				090E82322A67CB9D00944DC2 /* HomeSupplement.swift in Sources */,
				7C0601BA2A666753004FB30B /* SupplementResponse.swift in Sources */,
				0977E2842A690FF00007DCFA /* SearchAPI.swift in Sources */,
				7C0B96912A927F340053B5AB /* Endpoint.swift in Sources */,
				7C23FF2A2A72591100F047A6 /* MyImageCacheManager.swift in Sources */,
				7C6300782A6D616B00C31E93 /* MaterialResponse.swift in Sources */,
				7C6091EE2A658A090062FF01 /* SupplementDetailViewController.swift in Sources */,
				090E822E2A678B1600944DC2 /* recommendCollectionViewCell.swift in Sources */,
				7C6091F62A658BA90062FF01 /* DefaultSupplementDetailViewModel.swift in Sources */,
				7C60683C2A670143003B414B /* MaterialView.swift in Sources */,
				7C8217392A69B928001DB57D /* SupplementNetworkService.swift in Sources */,
				7C0B969D2A9335570053B5AB /* SupplementUseCase.swift in Sources */,
				7C6068362A66F8C9003B414B /* MaterialCollectionViewCell.swift in Sources */,
				7C63007E2A71055C00C31E93 /* Term.swift in Sources */,
				7C60683E2A67CB6C003B414B /* FunctionalityCollectionViewCell.swift in Sources */,
				7C6068422A67EA8B003B414B /* MaterialCountingView.swift in Sources */,
				7C23FF282A7258FF00F047A6 /* ImageCacheManager.swift in Sources */,
				7C60683A2A66FF0A003B414B /* MaterialSectionHeaderView.swift in Sources */,
				09F8BADE2A682D920087DDA9 /* SearchresultViewController.swift in Sources */,
				7CA5856E2A88DDE500296314 /* ResourceView.swift in Sources */,
				7C1AF2372A84B3530025FBC3 /* SupplementDetailViewModel.swift in Sources */,
				7CA5856C2A88D35000296314 /* RecommendationView.swift in Sources */,
				090E82302A6791E400944DC2 /* PopUpViewController.swift in Sources */,
				7C6091BB2A6588C40062FF01 /* SceneDelegate.swift in Sources */,
				09017D3E2A6CC3E400A8528A /* IntroViewController.swift in Sources */,
				7C0601BC2A66676C004FB30B /* API.swift in Sources */,
				7C14AAC92A72A08100FD74C9 /* GMPView.swift in Sources */,
				0977E2862A6938900007DCFA /* SearchTableViewCell.swift in Sources */,
				7C6300862A716C8800C31E93 /* Material.swift in Sources */,
				7C6091EC2A6589DE0062FF01 /* HomeViewController.swift in Sources */,
				7C1AF2392A84B9100025FBC3 /* RecommendationCollectionViewCell.swift in Sources */,
				7C6300882A716D7600C31E93 /* MaterialType.swift in Sources */,
				7C63008C2A718CB900C31E93 /* UIImageView+.swift in Sources */,
				7C82EA672A93BB4F001AA3BE /* URL+.swift in Sources */,
				09FEB43A2A66AFE300DD1CC5 /* Fonts+.swift in Sources */,
				7C0B96932A9293A90053B5AB /* SupplementObject.swift in Sources */,
			);
			runOnlyForDeploymentPostprocessing = 0;
		};
		7C6091C72A6588C50062FF01 /* Sources */ = {
			isa = PBXSourcesBuildPhase;
			buildActionMask = 2147483647;
			files = (
				7C6091D02A6588C50062FF01 /* DibivavaTests.swift in Sources */,
			);
			runOnlyForDeploymentPostprocessing = 0;
		};
		7C6091D12A6588C50062FF01 /* Sources */ = {
			isa = PBXSourcesBuildPhase;
			buildActionMask = 2147483647;
			files = (
				7C6091DC2A6588C50062FF01 /* DibivavaUITestsLaunchTests.swift in Sources */,
				7C6091DA2A6588C50062FF01 /* DibivavaUITests.swift in Sources */,
			);
			runOnlyForDeploymentPostprocessing = 0;
		};
/* End PBXSourcesBuildPhase section */

/* Begin PBXTargetDependency section */
		7C6091CD2A6588C50062FF01 /* PBXTargetDependency */ = {
			isa = PBXTargetDependency;
			target = 7C6091B42A6588C40062FF01 /* Dibivava */;
			targetProxy = 7C6091CC2A6588C50062FF01 /* PBXContainerItemProxy */;
		};
		7C6091D72A6588C50062FF01 /* PBXTargetDependency */ = {
			isa = PBXTargetDependency;
			target = 7C6091B42A6588C40062FF01 /* Dibivava */;
			targetProxy = 7C6091D62A6588C50062FF01 /* PBXContainerItemProxy */;
		};
/* End PBXTargetDependency section */

/* Begin PBXVariantGroup section */
		7C6091C32A6588C50062FF01 /* LaunchScreen.storyboard */ = {
			isa = PBXVariantGroup;
			children = (
				7C6091C42A6588C50062FF01 /* Base */,
			);
			name = LaunchScreen.storyboard;
			sourceTree = "<group>";
		};
/* End PBXVariantGroup section */

/* Begin XCBuildConfiguration section */
		7C6091DD2A6588C50062FF01 /* Debug */ = {
			isa = XCBuildConfiguration;
			buildSettings = {
				ALWAYS_SEARCH_USER_PATHS = NO;
				CLANG_ANALYZER_NONNULL = YES;
				CLANG_ANALYZER_NUMBER_OBJECT_CONVERSION = YES_AGGRESSIVE;
				CLANG_CXX_LANGUAGE_STANDARD = "gnu++20";
				CLANG_ENABLE_MODULES = YES;
				CLANG_ENABLE_OBJC_ARC = YES;
				CLANG_ENABLE_OBJC_WEAK = YES;
				CLANG_WARN_BLOCK_CAPTURE_AUTORELEASING = YES;
				CLANG_WARN_BOOL_CONVERSION = YES;
				CLANG_WARN_COMMA = YES;
				CLANG_WARN_CONSTANT_CONVERSION = YES;
				CLANG_WARN_DEPRECATED_OBJC_IMPLEMENTATIONS = YES;
				CLANG_WARN_DIRECT_OBJC_ISA_USAGE = YES_ERROR;
				CLANG_WARN_DOCUMENTATION_COMMENTS = YES;
				CLANG_WARN_EMPTY_BODY = YES;
				CLANG_WARN_ENUM_CONVERSION = YES;
				CLANG_WARN_INFINITE_RECURSION = YES;
				CLANG_WARN_INT_CONVERSION = YES;
				CLANG_WARN_NON_LITERAL_NULL_CONVERSION = YES;
				CLANG_WARN_OBJC_IMPLICIT_RETAIN_SELF = YES;
				CLANG_WARN_OBJC_LITERAL_CONVERSION = YES;
				CLANG_WARN_OBJC_ROOT_CLASS = YES_ERROR;
				CLANG_WARN_QUOTED_INCLUDE_IN_FRAMEWORK_HEADER = YES;
				CLANG_WARN_RANGE_LOOP_ANALYSIS = YES;
				CLANG_WARN_STRICT_PROTOTYPES = YES;
				CLANG_WARN_SUSPICIOUS_MOVE = YES;
				CLANG_WARN_UNGUARDED_AVAILABILITY = YES_AGGRESSIVE;
				CLANG_WARN_UNREACHABLE_CODE = YES;
				CLANG_WARN__DUPLICATE_METHOD_MATCH = YES;
				COPY_PHASE_STRIP = NO;
				DEBUG_INFORMATION_FORMAT = dwarf;
				ENABLE_STRICT_OBJC_MSGSEND = YES;
				ENABLE_TESTABILITY = YES;
				GCC_C_LANGUAGE_STANDARD = gnu11;
				GCC_DYNAMIC_NO_PIC = NO;
				GCC_NO_COMMON_BLOCKS = YES;
				GCC_OPTIMIZATION_LEVEL = 0;
				GCC_PREPROCESSOR_DEFINITIONS = (
					"DEBUG=1",
					"$(inherited)",
				);
				GCC_WARN_64_TO_32_BIT_CONVERSION = YES;
				GCC_WARN_ABOUT_RETURN_TYPE = YES_ERROR;
				GCC_WARN_UNDECLARED_SELECTOR = YES;
				GCC_WARN_UNINITIALIZED_AUTOS = YES_AGGRESSIVE;
				GCC_WARN_UNUSED_FUNCTION = YES;
				GCC_WARN_UNUSED_VARIABLE = YES;
				IPHONEOS_DEPLOYMENT_TARGET = 15.3;
				MTL_ENABLE_DEBUG_INFO = INCLUDE_SOURCE;
				MTL_FAST_MATH = YES;
				ONLY_ACTIVE_ARCH = YES;
				SDKROOT = iphoneos;
				SWIFT_ACTIVE_COMPILATION_CONDITIONS = DEBUG;
				SWIFT_OPTIMIZATION_LEVEL = "-Onone";
			};
			name = Debug;
		};
		7C6091DE2A6588C50062FF01 /* Release */ = {
			isa = XCBuildConfiguration;
			buildSettings = {
				ALWAYS_SEARCH_USER_PATHS = NO;
				CLANG_ANALYZER_NONNULL = YES;
				CLANG_ANALYZER_NUMBER_OBJECT_CONVERSION = YES_AGGRESSIVE;
				CLANG_CXX_LANGUAGE_STANDARD = "gnu++20";
				CLANG_ENABLE_MODULES = YES;
				CLANG_ENABLE_OBJC_ARC = YES;
				CLANG_ENABLE_OBJC_WEAK = YES;
				CLANG_WARN_BLOCK_CAPTURE_AUTORELEASING = YES;
				CLANG_WARN_BOOL_CONVERSION = YES;
				CLANG_WARN_COMMA = YES;
				CLANG_WARN_CONSTANT_CONVERSION = YES;
				CLANG_WARN_DEPRECATED_OBJC_IMPLEMENTATIONS = YES;
				CLANG_WARN_DIRECT_OBJC_ISA_USAGE = YES_ERROR;
				CLANG_WARN_DOCUMENTATION_COMMENTS = YES;
				CLANG_WARN_EMPTY_BODY = YES;
				CLANG_WARN_ENUM_CONVERSION = YES;
				CLANG_WARN_INFINITE_RECURSION = YES;
				CLANG_WARN_INT_CONVERSION = YES;
				CLANG_WARN_NON_LITERAL_NULL_CONVERSION = YES;
				CLANG_WARN_OBJC_IMPLICIT_RETAIN_SELF = YES;
				CLANG_WARN_OBJC_LITERAL_CONVERSION = YES;
				CLANG_WARN_OBJC_ROOT_CLASS = YES_ERROR;
				CLANG_WARN_QUOTED_INCLUDE_IN_FRAMEWORK_HEADER = YES;
				CLANG_WARN_RANGE_LOOP_ANALYSIS = YES;
				CLANG_WARN_STRICT_PROTOTYPES = YES;
				CLANG_WARN_SUSPICIOUS_MOVE = YES;
				CLANG_WARN_UNGUARDED_AVAILABILITY = YES_AGGRESSIVE;
				CLANG_WARN_UNREACHABLE_CODE = YES;
				CLANG_WARN__DUPLICATE_METHOD_MATCH = YES;
				COPY_PHASE_STRIP = NO;
				DEBUG_INFORMATION_FORMAT = "dwarf-with-dsym";
				ENABLE_NS_ASSERTIONS = NO;
				ENABLE_STRICT_OBJC_MSGSEND = YES;
				GCC_C_LANGUAGE_STANDARD = gnu11;
				GCC_NO_COMMON_BLOCKS = YES;
				GCC_WARN_64_TO_32_BIT_CONVERSION = YES;
				GCC_WARN_ABOUT_RETURN_TYPE = YES_ERROR;
				GCC_WARN_UNDECLARED_SELECTOR = YES;
				GCC_WARN_UNINITIALIZED_AUTOS = YES_AGGRESSIVE;
				GCC_WARN_UNUSED_FUNCTION = YES;
				GCC_WARN_UNUSED_VARIABLE = YES;
				IPHONEOS_DEPLOYMENT_TARGET = 15.3;
				MTL_ENABLE_DEBUG_INFO = NO;
				MTL_FAST_MATH = YES;
				SDKROOT = iphoneos;
				SWIFT_COMPILATION_MODE = wholemodule;
				SWIFT_OPTIMIZATION_LEVEL = "-O";
				VALIDATE_PRODUCT = YES;
			};
			name = Release;
		};
		7C6091E02A6588C50062FF01 /* Debug */ = {
			isa = XCBuildConfiguration;
			buildSettings = {
				ASSETCATALOG_COMPILER_APPICON_NAME = AppIcon;
				ASSETCATALOG_COMPILER_GLOBAL_ACCENT_COLOR_NAME = AccentColor;
				CODE_SIGN_IDENTITY = "Apple Development";
				CODE_SIGN_STYLE = Automatic;
				CURRENT_PROJECT_VERSION = 1;
				DEVELOPMENT_TEAM = 4R5C955ZY2;
				GENERATE_INFOPLIST_FILE = YES;
				INFOPLIST_FILE = Dibivava/Resource/Info.plist;
				"INFOPLIST_KEY_CFBundleDisplayName[sdk=*]" = "낄끼빠빠";
				INFOPLIST_KEY_UIApplicationSupportsIndirectInputEvents = YES;
				INFOPLIST_KEY_UILaunchStoryboardName = "Launch Screen";
				INFOPLIST_KEY_UISupportedInterfaceOrientations_iPad = "UIInterfaceOrientationPortrait UIInterfaceOrientationPortraitUpsideDown UIInterfaceOrientationLandscapeLeft UIInterfaceOrientationLandscapeRight";
				INFOPLIST_KEY_UISupportedInterfaceOrientations_iPhone = "UIInterfaceOrientationPortrait UIInterfaceOrientationLandscapeLeft UIInterfaceOrientationLandscapeRight";
				LD_RUNPATH_SEARCH_PATHS = (
					"$(inherited)",
					"@executable_path/Frameworks",
				);
				MARKETING_VERSION = " 1.0.4";
				PRODUCT_BUNDLE_IDENTIFIER = com.doongeunshin.Dibivava;
				PRODUCT_NAME = "$(TARGET_NAME)";
				PROVISIONING_PROFILE_SPECIFIER = "";
				SWIFT_EMIT_LOC_STRINGS = YES;
				SWIFT_VERSION = 5.0;
				TARGETED_DEVICE_FAMILY = "1,2";
			};
			name = Debug;
		};
		7C6091E12A6588C50062FF01 /* Release */ = {
			isa = XCBuildConfiguration;
			buildSettings = {
				ASSETCATALOG_COMPILER_APPICON_NAME = AppIcon;
				ASSETCATALOG_COMPILER_GLOBAL_ACCENT_COLOR_NAME = AccentColor;
				CODE_SIGN_IDENTITY = "Apple Development";
				CODE_SIGN_STYLE = Automatic;
				CURRENT_PROJECT_VERSION = 1;
				DEVELOPMENT_TEAM = 4R5C955ZY2;
				GENERATE_INFOPLIST_FILE = YES;
				INFOPLIST_FILE = Dibivava/Resource/Info.plist;
				"INFOPLIST_KEY_CFBundleDisplayName[sdk=*]" = "낄끼빠빠";
				INFOPLIST_KEY_UIApplicationSupportsIndirectInputEvents = YES;
				INFOPLIST_KEY_UILaunchStoryboardName = "Launch Screen";
				INFOPLIST_KEY_UISupportedInterfaceOrientations_iPad = "UIInterfaceOrientationPortrait UIInterfaceOrientationPortraitUpsideDown UIInterfaceOrientationLandscapeLeft UIInterfaceOrientationLandscapeRight";
				INFOPLIST_KEY_UISupportedInterfaceOrientations_iPhone = "UIInterfaceOrientationPortrait UIInterfaceOrientationLandscapeLeft UIInterfaceOrientationLandscapeRight";
				LD_RUNPATH_SEARCH_PATHS = (
					"$(inherited)",
					"@executable_path/Frameworks",
				);
				MARKETING_VERSION = " 1.0.4";
				PRODUCT_BUNDLE_IDENTIFIER = com.doongeunshin.Dibivava;
				PRODUCT_NAME = "$(TARGET_NAME)";
				PROVISIONING_PROFILE_SPECIFIER = "";
				SWIFT_EMIT_LOC_STRINGS = YES;
				SWIFT_VERSION = 5.0;
				TARGETED_DEVICE_FAMILY = "1,2";
			};
			name = Release;
		};
		7C6091E32A6588C50062FF01 /* Debug */ = {
			isa = XCBuildConfiguration;
			buildSettings = {
				ALWAYS_EMBED_SWIFT_STANDARD_LIBRARIES = YES;
				BUNDLE_LOADER = "$(TEST_HOST)";
				CODE_SIGN_STYLE = Automatic;
				CURRENT_PROJECT_VERSION = 1;
				DEVELOPMENT_TEAM = J6Y6MSA68D;
				GENERATE_INFOPLIST_FILE = YES;
				IPHONEOS_DEPLOYMENT_TARGET = 16.2;
				MARKETING_VERSION = 1.0;
				PRODUCT_BUNDLE_IDENTIFIER = doongeunshin.DibivavaTests;
				PRODUCT_NAME = "$(TARGET_NAME)";
				SWIFT_EMIT_LOC_STRINGS = NO;
				SWIFT_VERSION = 5.0;
				TARGETED_DEVICE_FAMILY = "1,2";
				TEST_HOST = "$(BUILT_PRODUCTS_DIR)/Dibivava.app/$(BUNDLE_EXECUTABLE_FOLDER_PATH)/Dibivava";
			};
			name = Debug;
		};
		7C6091E42A6588C50062FF01 /* Release */ = {
			isa = XCBuildConfiguration;
			buildSettings = {
				ALWAYS_EMBED_SWIFT_STANDARD_LIBRARIES = YES;
				BUNDLE_LOADER = "$(TEST_HOST)";
				CODE_SIGN_STYLE = Automatic;
				CURRENT_PROJECT_VERSION = 1;
				DEVELOPMENT_TEAM = J6Y6MSA68D;
				GENERATE_INFOPLIST_FILE = YES;
				IPHONEOS_DEPLOYMENT_TARGET = 16.2;
				MARKETING_VERSION = 1.0;
				PRODUCT_BUNDLE_IDENTIFIER = doongeunshin.DibivavaTests;
				PRODUCT_NAME = "$(TARGET_NAME)";
				SWIFT_EMIT_LOC_STRINGS = NO;
				SWIFT_VERSION = 5.0;
				TARGETED_DEVICE_FAMILY = "1,2";
				TEST_HOST = "$(BUILT_PRODUCTS_DIR)/Dibivava.app/$(BUNDLE_EXECUTABLE_FOLDER_PATH)/Dibivava";
			};
			name = Release;
		};
		7C6091E62A6588C50062FF01 /* Debug */ = {
			isa = XCBuildConfiguration;
			buildSettings = {
				ALWAYS_EMBED_SWIFT_STANDARD_LIBRARIES = YES;
				CODE_SIGN_STYLE = Automatic;
				CURRENT_PROJECT_VERSION = 1;
				DEVELOPMENT_TEAM = J6Y6MSA68D;
				GENERATE_INFOPLIST_FILE = YES;
				MARKETING_VERSION = 1.0;
				PRODUCT_BUNDLE_IDENTIFIER = doongeunshin.DibivavaUITests;
				PRODUCT_NAME = "$(TARGET_NAME)";
				SWIFT_EMIT_LOC_STRINGS = NO;
				SWIFT_VERSION = 5.0;
				TARGETED_DEVICE_FAMILY = "1,2";
				TEST_TARGET_NAME = Dibivava;
			};
			name = Debug;
		};
		7C6091E72A6588C50062FF01 /* Release */ = {
			isa = XCBuildConfiguration;
			buildSettings = {
				ALWAYS_EMBED_SWIFT_STANDARD_LIBRARIES = YES;
				CODE_SIGN_STYLE = Automatic;
				CURRENT_PROJECT_VERSION = 1;
				DEVELOPMENT_TEAM = J6Y6MSA68D;
				GENERATE_INFOPLIST_FILE = YES;
				MARKETING_VERSION = 1.0;
				PRODUCT_BUNDLE_IDENTIFIER = doongeunshin.DibivavaUITests;
				PRODUCT_NAME = "$(TARGET_NAME)";
				SWIFT_EMIT_LOC_STRINGS = NO;
				SWIFT_VERSION = 5.0;
				TARGETED_DEVICE_FAMILY = "1,2";
				TEST_TARGET_NAME = Dibivava;
			};
			name = Release;
		};
/* End XCBuildConfiguration section */

/* Begin XCConfigurationList section */
		7C6091B02A6588C40062FF01 /* Build configuration list for PBXProject "Dibivava" */ = {
			isa = XCConfigurationList;
			buildConfigurations = (
				7C6091DD2A6588C50062FF01 /* Debug */,
				7C6091DE2A6588C50062FF01 /* Release */,
			);
			defaultConfigurationIsVisible = 0;
			defaultConfigurationName = Release;
		};
		7C6091DF2A6588C50062FF01 /* Build configuration list for PBXNativeTarget "Dibivava" */ = {
			isa = XCConfigurationList;
			buildConfigurations = (
				7C6091E02A6588C50062FF01 /* Debug */,
				7C6091E12A6588C50062FF01 /* Release */,
			);
			defaultConfigurationIsVisible = 0;
			defaultConfigurationName = Release;
		};
		7C6091E22A6588C50062FF01 /* Build configuration list for PBXNativeTarget "DibivavaTests" */ = {
			isa = XCConfigurationList;
			buildConfigurations = (
				7C6091E32A6588C50062FF01 /* Debug */,
				7C6091E42A6588C50062FF01 /* Release */,
			);
			defaultConfigurationIsVisible = 0;
			defaultConfigurationName = Release;
		};
		7C6091E52A6588C50062FF01 /* Build configuration list for PBXNativeTarget "DibivavaUITests" */ = {
			isa = XCConfigurationList;
			buildConfigurations = (
				7C6091E62A6588C50062FF01 /* Debug */,
				7C6091E72A6588C50062FF01 /* Release */,
			);
			defaultConfigurationIsVisible = 0;
			defaultConfigurationName = Release;
		};
/* End XCConfigurationList section */

/* Begin XCRemoteSwiftPackageReference section */
		09017D392A6BCA3600A8528A /* XCRemoteSwiftPackageReference "SafeAreaBrush" */ = {
			isa = XCRemoteSwiftPackageReference;
			repositoryURL = "https://github.com/WallabyStuff/SafeAreaBrush";
			requirement = {
				kind = upToNextMajorVersion;
				minimumVersion = 1.0.0;
			};
		};
		09FEB4252A66A6F000DD1CC5 /* XCRemoteSwiftPackageReference "SnapKit" */ = {
			isa = XCRemoteSwiftPackageReference;
			repositoryURL = "https://github.com/SnapKit/SnapKit.git";
			requirement = {
				kind = upToNextMajorVersion;
				minimumVersion = 5.0.0;
			};
		};
		09FEB4282A66A6FB00DD1CC5 /* XCRemoteSwiftPackageReference "Alamofire" */ = {
			isa = XCRemoteSwiftPackageReference;
			repositoryURL = "https://github.com/Alamofire/Alamofire.git";
			requirement = {
				kind = upToNextMajorVersion;
				minimumVersion = 5.0.0;
			};
		};
		09FEB42B2A66A73500DD1CC5 /* XCRemoteSwiftPackageReference "RxSwift" */ = {
			isa = XCRemoteSwiftPackageReference;
			repositoryURL = "https://github.com/ReactiveX/RxSwift";
			requirement = {
				kind = upToNextMajorVersion;
				minimumVersion = 6.0.0;
			};
		};
		09FEB42E2A66A74500DD1CC5 /* XCRemoteSwiftPackageReference "Then" */ = {
			isa = XCRemoteSwiftPackageReference;
			repositoryURL = "https://github.com/devxoul/Then";
			requirement = {
				kind = upToNextMajorVersion;
				minimumVersion = 3.0.0;
			};
		};
		09FEB4312A66ABD400DD1CC5 /* XCRemoteSwiftPackageReference "ImageSlideshow" */ = {
			isa = XCRemoteSwiftPackageReference;
			repositoryURL = "https://github.com/zvonicek/ImageSlideshow";
			requirement = {
				kind = upToNextMajorVersion;
				minimumVersion = 1.0.0;
			};
		};
/* End XCRemoteSwiftPackageReference section */

/* Begin XCSwiftPackageProductDependency section */
		09017D3A2A6BCA3600A8528A /* SafeAreaBrush */ = {
			isa = XCSwiftPackageProductDependency;
			package = 09017D392A6BCA3600A8528A /* XCRemoteSwiftPackageReference "SafeAreaBrush" */;
			productName = SafeAreaBrush;
		};
		09FEB4262A66A6F000DD1CC5 /* SnapKit */ = {
			isa = XCSwiftPackageProductDependency;
			package = 09FEB4252A66A6F000DD1CC5 /* XCRemoteSwiftPackageReference "SnapKit" */;
			productName = SnapKit;
		};
		09FEB4292A66A6FB00DD1CC5 /* Alamofire */ = {
			isa = XCSwiftPackageProductDependency;
			package = 09FEB4282A66A6FB00DD1CC5 /* XCRemoteSwiftPackageReference "Alamofire" */;
			productName = Alamofire;
		};
		09FEB42F2A66A74500DD1CC5 /* Then */ = {
			isa = XCSwiftPackageProductDependency;
			package = 09FEB42E2A66A74500DD1CC5 /* XCRemoteSwiftPackageReference "Then" */;
			productName = Then;
		};
		09FEB4322A66ABD400DD1CC5 /* ImageSlideshow */ = {
			isa = XCSwiftPackageProductDependency;
			package = 09FEB4312A66ABD400DD1CC5 /* XCRemoteSwiftPackageReference "ImageSlideshow" */;
			productName = ImageSlideshow;
		};
		09FEB4342A66ABD400DD1CC5 /* ImageSlideshow/Alamofire */ = {
			isa = XCSwiftPackageProductDependency;
			package = 09FEB4312A66ABD400DD1CC5 /* XCRemoteSwiftPackageReference "ImageSlideshow" */;
			productName = ImageSlideshow/Alamofire;
		};
		09FEB4362A66ABD400DD1CC5 /* ImageSlideshow/Kingfisher */ = {
			isa = XCSwiftPackageProductDependency;
			package = 09FEB4312A66ABD400DD1CC5 /* XCRemoteSwiftPackageReference "ImageSlideshow" */;
			productName = ImageSlideshow/Kingfisher;
		};
		7CC9524D2A6A6F3B00E2F739 /* RxSwift */ = {
			isa = XCSwiftPackageProductDependency;
			package = 09FEB42B2A66A73500DD1CC5 /* XCRemoteSwiftPackageReference "RxSwift" */;
			productName = RxSwift;
		};
		7CC9524F2A6A6F4300E2F739 /* RxCocoa */ = {
			isa = XCSwiftPackageProductDependency;
			package = 09FEB42B2A66A73500DD1CC5 /* XCRemoteSwiftPackageReference "RxSwift" */;
			productName = RxCocoa;
		};
/* End XCSwiftPackageProductDependency section */
	};
	rootObject = 7C6091AD2A6588C40062FF01 /* Project object */;
}
